{
  "version": 4,
  "terraform_version": "1.9.2",
  "serial": 169,
  "lineage": "3c175b7c-ee52-6dc0-01c4-705cf21408ca",
  "outputs": {},
  "resources": [
    {
      "mode": "data",
      "type": "archive_file",
      "name": "post_confirmation_lambda_zip",
      "provider": "provider[\"registry.terraform.io/hashicorp/archive\"]",
      "instances": [
        {
          "schema_version": 0,
          "attributes": {
            "exclude_symlink_directories": null,
            "excludes": null,
            "id": "74e4c4a39c4236a15ce8d1206d9d70e42f5238b3",
            "output_base64sha256": "iUwY1/Ly1DV/3m/suFFPZ6FR47sGp1LASWrWr4V7UBk=",
            "output_base64sha512": "h6h5pJIENIFgf6A275pjTeqXavghOeFkplnxV/nC/76G9lZqMIklRbUHxLzKXnjKFGWOemEcq0VA7z8JcW+f8A==",
            "output_file_mode": null,
            "output_md5": "47c424adf1d16f80447b7e618d3cd8d4",
            "output_path": "post-confirmation.zip",
            "output_sha": "74e4c4a39c4236a15ce8d1206d9d70e42f5238b3",
            "output_sha256": "894c18d7f2f2d4357fde6fecb8514f67a151e3bb06a752c0496ad6af857b5019",
            "output_sha512": "87a879a492043481607fa036ef9a634dea976af82139e164a659f157f9c2ffbe86f6566a30892545b507c4bcca5e78ca14658e7a611cab4540ef3f09716f9ff0",
            "output_size": 990,
            "source": [],
            "source_content": null,
            "source_content_filename": null,
            "source_dir": null,
            "source_file": "post-confirmation.py",
            "type": "zip"
          },
          "sensitive_attributes": []
        }
      ]
    },
    {
      "mode": "data",
      "type": "aws_caller_identity",
      "name": "current",
      "provider": "provider[\"registry.terraform.io/hashicorp/aws\"]",
      "instances": [
        {
          "schema_version": 0,
          "attributes": {
            "account_id": "742054800137",
            "arn": "arn:aws:iam::742054800137:user/sadeq",
            "id": "742054800137",
            "user_id": "AIDA2ZRPJVME66NQHEJIW"
          },
          "sensitive_attributes": []
        }
      ]
    },
    {
      "mode": "managed",
      "type": "aws_acm_certificate",
      "name": "dev",
      "provider": "provider[\"registry.terraform.io/hashicorp/aws\"]",
      "instances": [
        {
          "schema_version": 0,
          "attributes": {
            "arn": "arn:aws:acm:me-south-1:742054800137:certificate/329af370-df94-4fb2-8d36-8c0061a858ab",
            "certificate_authority_arn": "",
            "certificate_body": null,
            "certificate_chain": null,
            "domain_name": "*.dev.fead.app",
            "domain_validation_options": [
              {
                "domain_name": "*.dev.fead.app",
                "resource_record_name": "_dcc6842a1d0a7ea7d3d2b2670c3ec710.dev.fead.app.",
                "resource_record_type": "CNAME",
                "resource_record_value": "_37da9a836a091359fa11a7e4c66c3f9e.djqtsrsxkq.acm-validations.aws."
              }
            ],
            "early_renewal_duration": "",
            "id": "arn:aws:acm:me-south-1:742054800137:certificate/329af370-df94-4fb2-8d36-8c0061a858ab",
            "key_algorithm": "RSA_2048",
            "not_after": "2025-09-25T23:59:59Z",
            "not_before": "2024-08-27T00:00:00Z",
            "options": [
              {
                "certificate_transparency_logging_preference": "ENABLED"
              }
            ],
            "pending_renewal": false,
            "private_key": null,
            "renewal_eligibility": "INELIGIBLE",
            "renewal_summary": [],
            "status": "ISSUED",
            "subject_alternative_names": [
              "*.dev.fead.app"
            ],
            "tags": {
              "Env": "dev-fead"
            },
            "tags_all": {
              "Env": "dev-fead"
            },
            "type": "AMAZON_ISSUED",
            "validation_emails": [],
            "validation_method": "DNS",
            "validation_option": []
          },
          "sensitive_attributes": [
            [
              {
                "type": "get_attr",
                "value": "private_key"
              }
            ]
          ],
          "private": "bnVsbA==",
          "create_before_destroy": true
        }
      ]
    },
    {
      "mode": "managed",
      "type": "aws_acm_certificate",
      "name": "dev_us",
      "provider": "provider[\"registry.terraform.io/hashicorp/aws\"].vir",
      "instances": [
        {
          "schema_version": 0,
          "attributes": {
            "arn": "arn:aws:acm:us-east-1:742054800137:certificate/544358a1-e59a-48c5-8388-a44c71873072",
            "certificate_authority_arn": "",
            "certificate_body": null,
            "certificate_chain": null,
            "domain_name": "*.dev.fead.app",
            "domain_validation_options": [
              {
                "domain_name": "*.dev.fead.app",
                "resource_record_name": "_dcc6842a1d0a7ea7d3d2b2670c3ec710.dev.fead.app.",
                "resource_record_type": "CNAME",
                "resource_record_value": "_37da9a836a091359fa11a7e4c66c3f9e.djqtsrsxkq.acm-validations.aws."
              }
            ],
            "early_renewal_duration": "",
            "id": "arn:aws:acm:us-east-1:742054800137:certificate/544358a1-e59a-48c5-8388-a44c71873072",
            "key_algorithm": "RSA_2048",
            "not_after": "2025-09-25T23:59:59Z",
            "not_before": "2024-08-27T00:00:00Z",
            "options": [
              {
                "certificate_transparency_logging_preference": "ENABLED"
              }
            ],
            "pending_renewal": false,
            "private_key": null,
            "renewal_eligibility": "INELIGIBLE",
            "renewal_summary": [],
            "status": "ISSUED",
            "subject_alternative_names": [
              "*.dev.fead.app"
            ],
            "tags": {
              "Env": "dev-fead"
            },
            "tags_all": {
              "Env": "dev-fead"
            },
            "type": "AMAZON_ISSUED",
            "validation_emails": [],
            "validation_method": "DNS",
            "validation_option": []
          },
          "sensitive_attributes": [
            [
              {
                "type": "get_attr",
                "value": "private_key"
              }
            ]
          ],
          "private": "bnVsbA==",
          "create_before_destroy": true
        }
      ]
    },
    {
      "mode": "managed",
      "type": "aws_acm_certificate",
      "name": "prod",
      "provider": "provider[\"registry.terraform.io/hashicorp/aws\"]",
      "instances": [
        {
          "schema_version": 0,
          "attributes": {
            "arn": "arn:aws:acm:me-south-1:742054800137:certificate/144be40a-726d-4280-aafe-42b3b9d5479d",
            "certificate_authority_arn": "",
            "certificate_body": null,
            "certificate_chain": null,
            "domain_name": "*.fead.app",
            "domain_validation_options": [
              {
                "domain_name": "*.fead.app",
                "resource_record_name": "_2959d406e0672daaea4053451a156cf0.fead.app.",
                "resource_record_type": "CNAME",
                "resource_record_value": "_a51090821db262c1d35c6be215edffe6.djqtsrsxkq.acm-validations.aws."
              }
            ],
            "early_renewal_duration": "",
            "id": "arn:aws:acm:me-south-1:742054800137:certificate/144be40a-726d-4280-aafe-42b3b9d5479d",
            "key_algorithm": "RSA_2048",
            "not_after": "2025-09-25T23:59:59Z",
            "not_before": "2024-08-27T00:00:00Z",
            "options": [
              {
                "certificate_transparency_logging_preference": "ENABLED"
              }
            ],
            "pending_renewal": false,
            "private_key": null,
            "renewal_eligibility": "INELIGIBLE",
            "renewal_summary": [],
            "status": "ISSUED",
            "subject_alternative_names": [
              "*.fead.app"
            ],
            "tags": {
              "Env": "dev-fead"
            },
            "tags_all": {
              "Env": "dev-fead"
            },
            "type": "AMAZON_ISSUED",
            "validation_emails": [],
            "validation_method": "DNS",
            "validation_option": []
          },
          "sensitive_attributes": [
            [
              {
                "type": "get_attr",
                "value": "private_key"
              }
            ]
          ],
          "private": "bnVsbA==",
          "create_before_destroy": true
        }
      ]
    },
    {
      "mode": "managed",
      "type": "aws_acm_certificate",
      "name": "prod_us",
      "provider": "provider[\"registry.terraform.io/hashicorp/aws\"].vir",
      "instances": [
        {
          "schema_version": 0,
          "attributes": {
            "arn": "arn:aws:acm:us-east-1:742054800137:certificate/bba68769-a3ac-4ba6-9b0b-dc5cc07254cf",
            "certificate_authority_arn": "",
            "certificate_body": null,
            "certificate_chain": null,
            "domain_name": "*.fead.app",
            "domain_validation_options": [
              {
                "domain_name": "*.fead.app",
                "resource_record_name": "_2959d406e0672daaea4053451a156cf0.fead.app.",
                "resource_record_type": "CNAME",
                "resource_record_value": "_a51090821db262c1d35c6be215edffe6.djqtsrsxkq.acm-validations.aws."
              }
            ],
            "early_renewal_duration": "",
            "id": "arn:aws:acm:us-east-1:742054800137:certificate/bba68769-a3ac-4ba6-9b0b-dc5cc07254cf",
            "key_algorithm": "RSA_2048",
            "not_after": "2025-09-25T23:59:59Z",
            "not_before": "2024-08-27T00:00:00Z",
            "options": [
              {
                "certificate_transparency_logging_preference": "ENABLED"
              }
            ],
            "pending_renewal": false,
            "private_key": null,
            "renewal_eligibility": "INELIGIBLE",
            "renewal_summary": [],
            "status": "ISSUED",
            "subject_alternative_names": [
              "*.fead.app"
            ],
            "tags": {
              "Env": "dev-fead"
            },
            "tags_all": {
              "Env": "dev-fead"
            },
            "type": "AMAZON_ISSUED",
            "validation_emails": [],
            "validation_method": "DNS",
            "validation_option": []
          },
          "sensitive_attributes": [
            [
              {
                "type": "get_attr",
                "value": "private_key"
              }
            ]
          ],
          "private": "bnVsbA==",
          "create_before_destroy": true
        }
      ]
    },
    {
      "mode": "managed",
      "type": "aws_acm_certificate_validation",
      "name": "dev",
      "provider": "provider[\"registry.terraform.io/hashicorp/aws\"]",
      "instances": [
        {
          "schema_version": 0,
          "attributes": {
            "certificate_arn": "arn:aws:acm:me-south-1:742054800137:certificate/329af370-df94-4fb2-8d36-8c0061a858ab",
            "id": "2024-08-27 15:28:20.083 +0000 UTC",
            "timeouts": null,
            "validation_record_fqdns": [
              "_dcc6842a1d0a7ea7d3d2b2670c3ec710.dev.fead.app"
            ]
          },
          "sensitive_attributes": [],
          "private": "eyJlMmJmYjczMC1lY2FhLTExZTYtOGY4OC0zNDM2M2JjN2M0YzAiOnsiY3JlYXRlIjo0NTAwMDAwMDAwMDAwfX0=",
          "dependencies": [
            "aws_acm_certificate.dev",
            "aws_route53_record.dev_cert",
            "aws_route53_zone.dev"
          ]
        }
      ]
    },
    {
      "mode": "managed",
      "type": "aws_acm_certificate_validation",
      "name": "prod",
      "provider": "provider[\"registry.terraform.io/hashicorp/aws\"]",
      "instances": [
        {
          "schema_version": 0,
          "attributes": {
            "certificate_arn": "arn:aws:acm:me-south-1:742054800137:certificate/144be40a-726d-4280-aafe-42b3b9d5479d",
            "id": "2024-08-27 15:27:15.758 +0000 UTC",
            "timeouts": null,
            "validation_record_fqdns": [
              "_2959d406e0672daaea4053451a156cf0.fead.app"
            ]
          },
          "sensitive_attributes": [],
          "private": "eyJlMmJmYjczMC1lY2FhLTExZTYtOGY4OC0zNDM2M2JjN2M0YzAiOnsiY3JlYXRlIjo0NTAwMDAwMDAwMDAwfX0=",
          "dependencies": [
            "aws_acm_certificate.prod",
            "aws_route53_record.prod_cert",
            "aws_route53_zone.prod"
          ]
        }
      ]
    },
    {
      "mode": "managed",
      "type": "aws_cloudwatch_log_group",
      "name": "post_confirmation_log_group",
      "provider": "provider[\"registry.terraform.io/hashicorp/aws\"]",
      "instances": [
        {
          "schema_version": 0,
          "attributes": {
            "arn": "arn:aws:logs:me-south-1:742054800137:log-group:/aws/lambda/dev-fead-post-confirmation",
            "id": "/aws/lambda/dev-fead-post-confirmation",
            "kms_key_id": "",
            "log_group_class": "STANDARD",
            "name": "/aws/lambda/dev-fead-post-confirmation",
            "name_prefix": "",
            "retention_in_days": 7,
            "skip_destroy": false,
            "tags": {},
            "tags_all": {}
          },
          "sensitive_attributes": [],
          "private": "bnVsbA=="
        }
      ]
    },
    {
      "mode": "managed",
      "type": "aws_cognito_user_pool",
      "name": "user_pool",
      "provider": "provider[\"registry.terraform.io/hashicorp/aws\"]",
      "instances": [
        {
          "schema_version": 0,
          "attributes": {
            "account_recovery_setting": [
              {
                "recovery_mechanism": [
                  {
                    "name": "verified_email",
                    "priority": 1
                  }
                ]
              }
            ],
            "admin_create_user_config": [
              {
                "allow_admin_create_user_only": false,
                "invite_message_template": []
              }
            ],
            "alias_attributes": [
              "email",
              "phone_number"
            ],
            "arn": "arn:aws:cognito-idp:me-south-1:742054800137:userpool/me-south-1_pk1Do6HMn",
            "auto_verified_attributes": [
              "email"
            ],
            "creation_date": "2024-08-27T15:27:30Z",
            "custom_domain": "",
            "deletion_protection": "ACTIVE",
            "device_configuration": [],
            "domain": "",
            "email_configuration": [
              {
                "configuration_set": "",
                "email_sending_account": "COGNITO_DEFAULT",
                "from_email_address": "",
                "reply_to_email_address": "",
                "source_arn": ""
              }
            ],
            "email_verification_message": "Your verification code is {####}.",
            "email_verification_subject": "Your verification code",
            "endpoint": "cognito-idp.me-south-1.amazonaws.com/me-south-1_pk1Do6HMn",
            "estimated_number_of_users": 0,
            "id": "me-south-1_pk1Do6HMn",
            "lambda_config": [
              {
                "create_auth_challenge": "",
                "custom_email_sender": [],
                "custom_message": "",
                "custom_sms_sender": [],
                "define_auth_challenge": "",
                "kms_key_id": "",
                "post_authentication": "",
                "post_confirmation": "arn:aws:lambda:me-south-1:742054800137:function:dev-fead-post-confirmation",
                "pre_authentication": "",
                "pre_sign_up": "",
                "pre_token_generation": "",
                "pre_token_generation_config": [],
                "user_migration": "",
                "verify_auth_challenge_response": ""
              }
            ],
            "last_modified_date": "2024-08-27T15:41:30Z",
            "mfa_configuration": "OFF",
            "name": "dev-fead-user-pool",
            "password_policy": [
              {
                "minimum_length": 8,
                "require_lowercase": true,
                "require_numbers": true,
                "require_symbols": true,
                "require_uppercase": true,
                "temporary_password_validity_days": 7
              }
            ],
            "schema": [
              {
                "attribute_data_type": "String",
                "developer_only_attribute": false,
                "mutable": true,
                "name": "email",
                "number_attribute_constraints": [],
                "required": true,
                "string_attribute_constraints": []
              }
            ],
            "sms_authentication_message": "",
            "sms_configuration": [],
            "sms_verification_message": "",
            "software_token_mfa_configuration": [],
            "tags": {
              "env": "dev"
            },
            "tags_all": {
              "env": "dev"
            },
            "user_attribute_update_settings": [],
            "user_pool_add_ons": [],
            "username_attributes": [],
            "username_configuration": [
              {
                "case_sensitive": false
              }
            ],
            "verification_message_template": [
              {
                "default_email_option": "CONFIRM_WITH_CODE",
                "email_message": "Your verification code is {####}.",
                "email_message_by_link": "Click the following link to verify your email: {##Verify Email##}",
                "email_subject": "Your verification code",
                "email_subject_by_link": "Verify your email address",
                "sms_message": ""
              }
            ]
          },
          "sensitive_attributes": [],
          "private": "bnVsbA==",
          "dependencies": [
            "aws_dynamodb_table.users_table",
            "aws_iam_role.lambda_role",
            "aws_lambda_function.post_confirmation_lambda",
            "data.archive_file.post_confirmation_lambda_zip"
          ]
        }
      ]
    },
    {
      "mode": "managed",
      "type": "aws_cognito_user_pool_client",
      "name": "mobile_app_client",
      "provider": "provider[\"registry.terraform.io/hashicorp/aws\"]",
      "instances": [
        {
          "schema_version": 0,
          "attributes": {
            "access_token_validity": 24,
            "allowed_oauth_flows": [
              "code"
            ],
            "allowed_oauth_flows_user_pool_client": true,
            "allowed_oauth_scopes": [
              "email",
              "openid",
              "phone"
            ],
            "analytics_configuration": [],
            "auth_session_validity": 15,
            "callback_urls": [
              "http://localhost"
            ],
            "client_secret": "",
            "default_redirect_uri": "http://localhost",
            "enable_propagate_additional_user_context_data": false,
            "enable_token_revocation": true,
            "explicit_auth_flows": [
              "ALLOW_REFRESH_TOKEN_AUTH",
              "ALLOW_USER_SRP_AUTH"
            ],
            "generate_secret": false,
            "id": "v8p367202qjd74gm14lh2sah4",
            "id_token_validity": 24,
            "logout_urls": [],
            "name": "dev-fead-mobile",
            "prevent_user_existence_errors": "ENABLED",
            "read_attributes": [],
            "refresh_token_validity": 565,
            "supported_identity_providers": [
              "COGNITO"
            ],
            "token_validity_units": [],
            "user_pool_id": "me-south-1_pk1Do6HMn",
            "write_attributes": []
          },
          "sensitive_attributes": [
            [
              {
                "type": "get_attr",
                "value": "client_secret"
              }
            ]
          ],
          "dependencies": [
            "aws_cognito_user_pool.user_pool",
            "aws_dynamodb_table.users_table",
            "aws_iam_role.lambda_role",
            "aws_lambda_function.post_confirmation_lambda",
            "data.archive_file.post_confirmation_lambda_zip"
          ]
        }
      ]
    },
    {
      "mode": "managed",
      "type": "aws_dynamodb_table",
      "name": "users_table",
      "provider": "provider[\"registry.terraform.io/hashicorp/aws\"]",
      "instances": [
        {
          "schema_version": 1,
          "attributes": {
            "arn": "arn:aws:dynamodb:me-south-1:742054800137:table/dev-fead-users",
            "attribute": [
              {
                "name": "id",
                "type": "S"
              },
              {
                "name": "username",
                "type": "S"
              }
            ],
            "billing_mode": "PAY_PER_REQUEST",
            "deletion_protection_enabled": false,
            "global_secondary_index": [
              {
                "hash_key": "username",
                "name": "username-index",
                "non_key_attributes": [],
                "projection_type": "ALL",
                "range_key": "",
                "read_capacity": 0,
                "write_capacity": 0
              }
            ],
            "hash_key": "id",
            "id": "dev-fead-users",
            "import_table": [],
            "local_secondary_index": [],
            "name": "dev-fead-users",
            "point_in_time_recovery": [
              {
                "enabled": false
              }
            ],
            "range_key": null,
            "read_capacity": 0,
            "replica": [],
            "restore_date_time": null,
            "restore_source_name": null,
            "restore_to_latest_time": null,
            "server_side_encryption": [],
            "stream_arn": "",
            "stream_enabled": false,
            "stream_label": "",
            "stream_view_type": "",
            "table_class": "STANDARD",
            "tags": {
              "Env": "dev"
            },
            "tags_all": {
              "Env": "dev"
            },
            "timeouts": null,
            "ttl": [
              {
                "attribute_name": "",
                "enabled": false
              }
            ],
            "write_capacity": 0
          },
          "sensitive_attributes": [],
          "private": "eyJlMmJmYjczMC1lY2FhLTExZTYtOGY4OC0zNDM2M2JjN2M0YzAiOnsiY3JlYXRlIjoxODAwMDAwMDAwMDAwLCJkZWxldGUiOjYwMDAwMDAwMDAwMCwidXBkYXRlIjozNjAwMDAwMDAwMDAwfSwic2NoZW1hX3ZlcnNpb24iOiIxIn0="
        }
      ]
    },
    {
      "mode": "managed",
      "type": "aws_iam_policy",
      "name": "lambda_cloudwatch_policy",
      "provider": "provider[\"registry.terraform.io/hashicorp/aws\"]",
      "instances": [
        {
          "schema_version": 0,
          "attributes": {
            "arn": "arn:aws:iam::742054800137:policy/dev-fead-lambda-cloudwatch-policy",
            "description": "IAM policy for Lambda to access CloudWatch Logs",
            "id": "arn:aws:iam::742054800137:policy/dev-fead-lambda-cloudwatch-policy",
            "name": "dev-fead-lambda-cloudwatch-policy",
            "name_prefix": "",
            "path": "/",
            "policy": "{\"Statement\":[{\"Action\":[\"logs:CreateLogGroup\",\"logs:CreateLogStream\",\"logs:PutLogEvents\"],\"Effect\":\"Allow\",\"Resource\":\"*\"}],\"Version\":\"2012-10-17\"}",
            "policy_id": "ANPA2ZRPJVMEVZN4DN7PA",
            "tags": {},
            "tags_all": {}
          },
          "sensitive_attributes": [],
          "private": "bnVsbA=="
        }
      ]
    },
    {
      "mode": "managed",
      "type": "aws_iam_policy",
      "name": "lambda_dynamodb_policy",
      "provider": "provider[\"registry.terraform.io/hashicorp/aws\"]",
      "instances": [
        {
          "schema_version": 0,
          "attributes": {
            "arn": "arn:aws:iam::742054800137:policy/dev-fead-post-confirmation-policy",
            "description": "IAM policy for Lambda to access DynamoDB",
            "id": "arn:aws:iam::742054800137:policy/dev-fead-post-confirmation-policy",
            "name": "dev-fead-post-confirmation-policy",
            "name_prefix": "",
            "path": "/",
            "policy": "{\"Statement\":[{\"Action\":[\"dynamodb:PutItem\"],\"Effect\":\"Allow\",\"Resource\":\"arn:aws:dynamodb:me-south-1:742054800137:table/dev-fead-users\"}],\"Version\":\"2012-10-17\"}",
            "policy_id": "ANPA2ZRPJVME75SYAML2R",
            "tags": {},
            "tags_all": {}
          },
          "sensitive_attributes": [],
          "private": "bnVsbA==",
          "dependencies": [
            "aws_dynamodb_table.users_table"
          ]
        }
      ]
    },
    {
      "mode": "managed",
      "type": "aws_iam_role",
      "name": "cognito_lambda_invoke_role",
      "provider": "provider[\"registry.terraform.io/hashicorp/aws\"]",
      "instances": [
        {
          "schema_version": 0,
          "attributes": {
            "arn": "arn:aws:iam::742054800137:role/dev-fead-cognito-lambda-invoke-role",
            "assume_role_policy": "{\"Statement\":[{\"Action\":\"sts:AssumeRole\",\"Effect\":\"Allow\",\"Principal\":{\"Service\":\"cognito-idp.amazonaws.com\"}}],\"Version\":\"2012-10-17\"}",
            "create_date": "2024-08-27T15:26:59Z",
            "description": "",
            "force_detach_policies": false,
            "id": "dev-fead-cognito-lambda-invoke-role",
            "inline_policy": [],
            "managed_policy_arns": [],
            "max_session_duration": 3600,
            "name": "dev-fead-cognito-lambda-invoke-role",
            "name_prefix": "",
            "path": "/",
            "permissions_boundary": "",
            "tags": {},
            "tags_all": {},
            "unique_id": "AROA2ZRPJVMEVGXXVSXUI"
          },
          "sensitive_attributes": [],
          "private": "bnVsbA=="
        }
      ]
    },
    {
      "mode": "managed",
      "type": "aws_iam_role",
      "name": "lambda_role",
      "provider": "provider[\"registry.terraform.io/hashicorp/aws\"]",
      "instances": [
        {
          "schema_version": 0,
          "attributes": {
            "arn": "arn:aws:iam::742054800137:role/dev-fead-post-confirmation",
            "assume_role_policy": "{\"Statement\":[{\"Action\":\"sts:AssumeRole\",\"Effect\":\"Allow\",\"Principal\":{\"Service\":\"lambda.amazonaws.com\"}}],\"Version\":\"2012-10-17\"}",
            "create_date": "2024-08-27T15:26:59Z",
            "description": "",
            "force_detach_policies": false,
            "id": "dev-fead-post-confirmation",
            "inline_policy": [],
            "managed_policy_arns": [
              "arn:aws:iam::742054800137:policy/dev-fead-lambda-cloudwatch-policy",
              "arn:aws:iam::742054800137:policy/dev-fead-post-confirmation-policy"
            ],
            "max_session_duration": 3600,
            "name": "dev-fead-post-confirmation",
            "name_prefix": "",
            "path": "/",
            "permissions_boundary": "",
            "tags": {},
            "tags_all": {},
            "unique_id": "AROA2ZRPJVME3K3TN2UWF"
          },
          "sensitive_attributes": [],
          "private": "bnVsbA=="
        }
      ]
    },
    {
      "mode": "managed",
      "type": "aws_iam_role_policy_attachment",
      "name": "lambda_cloudwatch_policy_attachment",
      "provider": "provider[\"registry.terraform.io/hashicorp/aws\"]",
      "instances": [
        {
          "schema_version": 0,
          "attributes": {
            "id": "dev-fead-post-confirmation-20240827152657547200000004",
            "policy_arn": "arn:aws:iam::742054800137:policy/dev-fead-lambda-cloudwatch-policy",
            "role": "dev-fead-post-confirmation"
          },
          "sensitive_attributes": [],
          "private": "bnVsbA==",
          "dependencies": [
            "aws_iam_policy.lambda_cloudwatch_policy",
            "aws_iam_role.lambda_role"
          ]
        }
      ]
    },
    {
      "mode": "managed",
      "type": "aws_iam_role_policy_attachment",
      "name": "lambda_dynamodb_policy_attachment",
      "provider": "provider[\"registry.terraform.io/hashicorp/aws\"]",
      "instances": [
        {
          "schema_version": 0,
          "attributes": {
            "id": "dev-fead-post-confirmation-20240827152721561700000005",
            "policy_arn": "arn:aws:iam::742054800137:policy/dev-fead-post-confirmation-policy",
            "role": "dev-fead-post-confirmation"
          },
          "sensitive_attributes": [],
          "private": "bnVsbA==",
          "dependencies": [
            "aws_dynamodb_table.users_table",
            "aws_iam_policy.lambda_dynamodb_policy",
            "aws_iam_role.lambda_role"
          ]
        }
      ]
    },
    {
      "mode": "managed",
      "type": "aws_lambda_function",
      "name": "post_confirmation_lambda",
      "provider": "provider[\"registry.terraform.io/hashicorp/aws\"]",
      "instances": [
        {
          "schema_version": 0,
          "attributes": {
            "architectures": [
              "x86_64"
            ],
            "arn": "arn:aws:lambda:me-south-1:742054800137:function:dev-fead-post-confirmation",
            "code_signing_config_arn": "",
            "dead_letter_config": [],
            "description": "",
            "environment": [
              {
                "variables": {
                  "TABLE_NAME": "dev-fead-users"
                }
              }
            ],
            "ephemeral_storage": [
              {
                "size": 512
              }
            ],
            "file_system_config": [],
            "filename": "post-confirmation.zip",
            "function_name": "dev-fead-post-confirmation",
            "handler": "post-confirmation.lambda_handler",
            "id": "dev-fead-post-confirmation",
            "image_config": [],
            "image_uri": "",
            "invoke_arn": "arn:aws:apigateway:me-south-1:lambda:path/2015-03-31/functions/arn:aws:lambda:me-south-1:742054800137:function:dev-fead-post-confirmation/invocations",
            "kms_key_arn": "",
            "last_modified": "2024-08-27T15:27:23.620+0000",
            "layers": [],
            "logging_config": [
              {
                "application_log_level": "",
                "log_format": "Text",
                "log_group": "/aws/lambda/dev-fead-post-confirmation",
                "system_log_level": ""
              }
            ],
            "memory_size": 128,
            "package_type": "Zip",
            "publish": false,
            "qualified_arn": "arn:aws:lambda:me-south-1:742054800137:function:dev-fead-post-confirmation:$LATEST",
            "qualified_invoke_arn": "arn:aws:apigateway:me-south-1:lambda:path/2015-03-31/functions/arn:aws:lambda:me-south-1:742054800137:function:dev-fead-post-confirmation:$LATEST/invocations",
            "replace_security_groups_on_destroy": null,
            "replacement_security_group_ids": null,
            "reserved_concurrent_executions": -1,
            "role": "arn:aws:iam::742054800137:role/dev-fead-post-confirmation",
            "runtime": "python3.12",
            "s3_bucket": null,
            "s3_key": null,
            "s3_object_version": null,
            "signing_job_arn": "",
            "signing_profile_version_arn": "",
            "skip_destroy": false,
            "snap_start": [],
            "source_code_hash": "iUwY1/Ly1DV/3m/suFFPZ6FR47sGp1LASWrWr4V7UBk=",
            "source_code_size": 990,
            "tags": {},
            "tags_all": {},
            "timeout": 60,
            "timeouts": null,
            "tracing_config": [
              {
                "mode": "PassThrough"
              }
            ],
            "version": "$LATEST",
            "vpc_config": []
          },
          "sensitive_attributes": [],
          "private": "eyJlMmJmYjczMC1lY2FhLTExZTYtOGY4OC0zNDM2M2JjN2M0YzAiOnsiY3JlYXRlIjo2MDAwMDAwMDAwMDAsImRlbGV0ZSI6NjAwMDAwMDAwMDAwLCJ1cGRhdGUiOjYwMDAwMDAwMDAwMH19",
          "dependencies": [
            "aws_dynamodb_table.users_table",
            "aws_iam_role.lambda_role",
            "data.archive_file.post_confirmation_lambda_zip"
          ]
        }
      ]
    },
    {
      "mode": "managed",
      "type": "aws_lambda_permission",
      "name": "allow_cognito_invoke",
      "provider": "provider[\"registry.terraform.io/hashicorp/aws\"]",
      "instances": [
        {
          "schema_version": 0,
          "attributes": {
            "action": "lambda:InvokeFunction",
            "event_source_token": "",
            "function_name": "dev-fead-post-confirmation",
            "function_url_auth_type": "",
            "id": "lambda-allow-cognito",
            "principal": "cognito-idp.amazonaws.com",
            "principal_org_id": "",
            "qualifier": "",
            "source_account": "742054800137",
            "source_arn": "arn:aws:cognito-idp:me-south-1:742054800137:userpool/me-south-1_pk1Do6HMn",
            "statement_id": "lambda-allow-cognito",
            "statement_id_prefix": ""
          },
          "sensitive_attributes": [],
          "private": "bnVsbA==",
          "dependencies": [
            "aws_cognito_user_pool.user_pool",
            "aws_dynamodb_table.users_table",
            "aws_iam_role.lambda_role",
            "aws_lambda_function.post_confirmation_lambda",
            "data.archive_file.post_confirmation_lambda_zip",
            "data.aws_caller_identity.current"
          ]
        }
      ]
    },
    {
      "mode": "managed",
      "type": "aws_route53_record",
      "name": "dev_cert",
      "provider": "provider[\"registry.terraform.io/hashicorp/aws\"]",
      "instances": [
        {
          "schema_version": 2,
          "attributes": {
            "alias": [],
            "allow_overwrite": null,
            "cidr_routing_policy": [],
            "failover_routing_policy": [],
            "fqdn": "_dcc6842a1d0a7ea7d3d2b2670c3ec710.dev.fead.app",
            "geolocation_routing_policy": [],
            "geoproximity_routing_policy": [],
            "health_check_id": "",
            "id": "Z1016527L0GGZIPN0NG2__dcc6842a1d0a7ea7d3d2b2670c3ec710.dev.fead.app._CNAME",
            "latency_routing_policy": [],
            "multivalue_answer_routing_policy": false,
            "name": "_dcc6842a1d0a7ea7d3d2b2670c3ec710.dev.fead.app",
            "records": [
              "_37da9a836a091359fa11a7e4c66c3f9e.djqtsrsxkq.acm-validations.aws."
            ],
            "set_identifier": "",
            "ttl": 60,
            "type": "CNAME",
            "weighted_routing_policy": [],
            "zone_id": "Z1016527L0GGZIPN0NG2"
          },
          "sensitive_attributes": [],
          "private": "eyJzY2hlbWFfdmVyc2lvbiI6IjIifQ==",
          "dependencies": [
            "aws_acm_certificate.dev",
            "aws_route53_zone.dev"
          ]
        }
      ]
    },
    {
      "mode": "managed",
      "type": "aws_route53_record",
      "name": "dev_ns",
      "provider": "provider[\"registry.terraform.io/hashicorp/aws\"]",
      "instances": [
        {
          "schema_version": 2,
          "attributes": {
            "alias": [],
            "allow_overwrite": null,
            "cidr_routing_policy": [],
            "failover_routing_policy": [],
            "fqdn": "dev.fead.app",
            "geolocation_routing_policy": [],
            "geoproximity_routing_policy": [],
            "health_check_id": "",
            "id": "Z089687118RMUXQLRZU7K_dev.fead.app_NS",
            "latency_routing_policy": [],
            "multivalue_answer_routing_policy": false,
            "name": "dev.fead.app",
            "records": [
              "ns-1373.awsdns-43.org",
              "ns-1779.awsdns-30.co.uk",
              "ns-872.awsdns-45.net",
              "ns-89.awsdns-11.com"
            ],
            "set_identifier": "",
            "ttl": 30,
            "type": "NS",
            "weighted_routing_policy": [],
            "zone_id": "Z089687118RMUXQLRZU7K"
          },
          "sensitive_attributes": [],
          "private": "eyJzY2hlbWFfdmVyc2lvbiI6IjIifQ==",
          "dependencies": [
            "aws_route53_zone.dev",
            "aws_route53_zone.prod"
          ]
        }
      ]
    },
    {
      "mode": "managed",
      "type": "aws_route53_record",
      "name": "prod_cert",
      "provider": "provider[\"registry.terraform.io/hashicorp/aws\"]",
      "instances": [
        {
          "schema_version": 2,
          "attributes": {
            "alias": [],
            "allow_overwrite": null,
            "cidr_routing_policy": [],
            "failover_routing_policy": [],
            "fqdn": "_2959d406e0672daaea4053451a156cf0.fead.app",
            "geolocation_routing_policy": [],
            "geoproximity_routing_policy": [],
            "health_check_id": "",
            "id": "Z089687118RMUXQLRZU7K__2959d406e0672daaea4053451a156cf0.fead.app._CNAME",
            "latency_routing_policy": [],
            "multivalue_answer_routing_policy": false,
            "name": "_2959d406e0672daaea4053451a156cf0.fead.app",
            "records": [
              "_a51090821db262c1d35c6be215edffe6.djqtsrsxkq.acm-validations.aws."
            ],
            "set_identifier": "",
            "ttl": 60,
            "type": "CNAME",
            "weighted_routing_policy": [],
            "zone_id": "Z089687118RMUXQLRZU7K"
          },
          "sensitive_attributes": [],
          "private": "eyJzY2hlbWFfdmVyc2lvbiI6IjIifQ==",
          "dependencies": [
            "aws_acm_certificate.prod",
            "aws_route53_zone.prod"
          ]
        }
      ]
    },
    {
      "mode": "managed",
      "type": "aws_route53_zone",
      "name": "dev",
      "provider": "provider[\"registry.terraform.io/hashicorp/aws\"]",
      "instances": [
        {
          "schema_version": 0,
          "attributes": {
            "arn": "arn:aws:route53:::hostedzone/Z1016527L0GGZIPN0NG2",
            "comment": "Managed by Terraform",
            "delegation_set_id": "",
            "force_destroy": false,
            "id": "Z1016527L0GGZIPN0NG2",
            "name": "dev.fead.app",
            "name_servers": [
              "ns-1373.awsdns-43.org",
              "ns-1779.awsdns-30.co.uk",
              "ns-872.awsdns-45.net",
              "ns-89.awsdns-11.com"
            ],
            "primary_name_server": "ns-872.awsdns-45.net",
            "tags": {
              "Env": "dev-fead"
            },
            "tags_all": {
              "Env": "dev-fead"
            },
            "vpc": [],
            "zone_id": "Z1016527L0GGZIPN0NG2"
          },
          "sensitive_attributes": [],
          "private": "bnVsbA=="
        }
      ]
    },
    {
      "mode": "managed",
      "type": "aws_route53_zone",
      "name": "prod",
      "provider": "provider[\"registry.terraform.io/hashicorp/aws\"]",
      "instances": [
        {
          "schema_version": 0,
          "attributes": {
            "arn": "arn:aws:route53:::hostedzone/Z089687118RMUXQLRZU7K",
            "comment": "Managed by Terraform",
            "delegation_set_id": "",
            "force_destroy": false,
            "id": "Z089687118RMUXQLRZU7K",
            "name": "fead.app",
            "name_servers": [
              "ns-1367.awsdns-42.org",
              "ns-1920.awsdns-48.co.uk",
              "ns-244.awsdns-30.com",
              "ns-862.awsdns-43.net"
            ],
            "primary_name_server": "ns-1920.awsdns-48.co.uk",
            "tags": {
              "Env": "prod-fead"
            },
            "tags_all": {
              "Env": "prod-fead"
            },
            "vpc": [],
            "zone_id": "Z089687118RMUXQLRZU7K"
          },
          "sensitive_attributes": [],
          "private": "bnVsbA=="
        }
      ]
    }
  ],
  "check_results": null
}
