{
  "version": 4,
  "terraform_version": "1.9.2",
  "serial": 51,
  "lineage": "3c175b7c-ee52-6dc0-01c4-705cf21408ca",
  "outputs": {},
  "resources": [
    {
      "mode": "data",
      "type": "archive_file",
      "name": "post_confirmation_lambda_zip",
      "provider": "provider[\"registry.terraform.io/hashicorp/archive\"]",
      "instances": [
        {
          "schema_version": 0,
          "attributes": {
            "exclude_symlink_directories": null,
            "excludes": null,
            "id": "6532e2a410fed8fd8fa531423d611acef9401b1d",
            "output_base64sha256": "6DMABXh8RUMchJMfWwXhoGmalx3PE/KEOt2V0RM39Fw=",
            "output_base64sha512": "gaimn1ekDMNYmK7f2DPg7BoYjrRgpo9ZbU9U67/vNWvtXPzV0impBXf0f/6cmJTq7g8AeBWoj58jLkJ49pQJuQ==",
            "output_file_mode": null,
            "output_md5": "b5c4aad71528029e5d7c4a7a428def83",
            "output_path": "post-confirmation.zip",
            "output_sha": "6532e2a410fed8fd8fa531423d611acef9401b1d",
            "output_sha256": "e8330005787c45431c84931f5b05e1a0699a971dcf13f2843add95d11337f45c",
            "output_sha512": "81a8a69f57a40cc35898aedfd833e0ec1a188eb460a68f596d4f54ebbfef356bed5cfcd5d229a90577f47ffe9c9894eaee0f007815a88f9f232e4278f69409b9",
            "output_size": 991,
            "source": [],
            "source_content": null,
            "source_content_filename": null,
            "source_dir": null,
            "source_file": "post-confirmation.py",
            "type": "zip"
          },
          "sensitive_attributes": []
        }
      ]
    },
    {
      "mode": "data",
      "type": "aws_caller_identity",
      "name": "current",
      "provider": "provider[\"registry.terraform.io/hashicorp/aws\"]",
      "instances": [
        {
          "schema_version": 0,
          "attributes": {
            "account_id": "742054800137",
            "arn": "arn:aws:iam::742054800137:user/sadeq",
            "id": "742054800137",
            "user_id": "AIDA2ZRPJVME66NQHEJIW"
          },
          "sensitive_attributes": []
        }
      ]
    },
    {
      "mode": "managed",
      "type": "aws_cloudwatch_log_group",
      "name": "post_confirmation_log_group",
      "provider": "provider[\"registry.terraform.io/hashicorp/aws\"]",
      "instances": [
        {
          "schema_version": 0,
          "attributes": {
            "arn": "arn:aws:logs:me-south-1:742054800137:log-group:/aws/lambda/bah-dknz-post-confirmation-dynamodb",
            "id": "/aws/lambda/bah-dknz-post-confirmation-dynamodb",
            "kms_key_id": "",
            "log_group_class": "STANDARD",
            "name": "/aws/lambda/bah-dknz-post-confirmation-dynamodb",
            "name_prefix": "",
            "retention_in_days": 7,
            "skip_destroy": false,
            "tags": {},
            "tags_all": {}
          },
          "sensitive_attributes": [],
          "private": "bnVsbA=="
        }
      ]
    },
    {
      "mode": "managed",
      "type": "aws_cognito_user_pool",
      "name": "knz_user_pool",
      "provider": "provider[\"registry.terraform.io/hashicorp/aws\"]",
      "instances": [
        {
          "schema_version": 0,
          "attributes": {
            "account_recovery_setting": [
              {
                "recovery_mechanism": [
                  {
                    "name": "verified_email",
                    "priority": 1
                  }
                ]
              }
            ],
            "admin_create_user_config": [
              {
                "allow_admin_create_user_only": false,
                "invite_message_template": []
              }
            ],
            "alias_attributes": [
              "email",
              "phone_number"
            ],
            "arn": "arn:aws:cognito-idp:me-south-1:742054800137:userpool/me-south-1_cXZAPnjMR",
            "auto_verified_attributes": [
              "email"
            ],
            "creation_date": "2024-08-23T17:19:10Z",
            "custom_domain": "",
            "deletion_protection": "ACTIVE",
            "device_configuration": [],
            "domain": "",
            "email_configuration": [
              {
                "configuration_set": "",
                "email_sending_account": "COGNITO_DEFAULT",
                "from_email_address": "",
                "reply_to_email_address": "",
                "source_arn": ""
              }
            ],
            "email_verification_message": "Your verification code is {####}.",
            "email_verification_subject": "Your verification code",
            "endpoint": "cognito-idp.me-south-1.amazonaws.com/me-south-1_cXZAPnjMR",
            "estimated_number_of_users": 1,
            "id": "me-south-1_cXZAPnjMR",
            "lambda_config": [
              {
                "create_auth_challenge": "",
                "custom_email_sender": [],
                "custom_message": "",
                "custom_sms_sender": [],
                "define_auth_challenge": "",
                "kms_key_id": "",
                "post_authentication": "",
                "post_confirmation": "arn:aws:lambda:me-south-1:742054800137:function:bah-dknz-post-confirmation-dynamodb",
                "pre_authentication": "",
                "pre_sign_up": "",
                "pre_token_generation": "",
                "pre_token_generation_config": [],
                "user_migration": "",
                "verify_auth_challenge_response": ""
              }
            ],
            "last_modified_date": "2024-08-23T17:40:04Z",
            "mfa_configuration": "OFF",
            "name": "bah-dknz-user-pool",
            "password_policy": [
              {
                "minimum_length": 8,
                "require_lowercase": true,
                "require_numbers": true,
                "require_symbols": true,
                "require_uppercase": true,
                "temporary_password_validity_days": 7
              }
            ],
            "schema": [
              {
                "attribute_data_type": "String",
                "developer_only_attribute": false,
                "mutable": true,
                "name": "email",
                "number_attribute_constraints": [],
                "required": true,
                "string_attribute_constraints": []
              }
            ],
            "sms_authentication_message": "",
            "sms_configuration": [],
            "sms_verification_message": "",
            "software_token_mfa_configuration": [],
            "tags": {
              "env": "bah-dknz"
            },
            "tags_all": {
              "env": "bah-dknz"
            },
            "user_attribute_update_settings": [],
            "user_pool_add_ons": [],
            "username_attributes": [],
            "username_configuration": [
              {
                "case_sensitive": false
              }
            ],
            "verification_message_template": [
              {
                "default_email_option": "CONFIRM_WITH_CODE",
                "email_message": "Your verification code is {####}.",
                "email_message_by_link": "Click the following link to verify your email: {##Verify Email##}",
                "email_subject": "Your verification code",
                "email_subject_by_link": "Verify your email address",
                "sms_message": ""
              }
            ]
          },
          "sensitive_attributes": [],
          "private": "bnVsbA==",
          "dependencies": [
            "aws_dynamodb_table.users_table",
            "aws_iam_role.lambda_role",
            "aws_lambda_function.post_confirmation_lambda",
            "data.archive_file.post_confirmation_lambda_zip"
          ]
        }
      ]
    },
    {
      "mode": "managed",
      "type": "aws_cognito_user_pool_client",
      "name": "mobile_app_client",
      "provider": "provider[\"registry.terraform.io/hashicorp/aws\"]",
      "instances": [
        {
          "schema_version": 0,
          "attributes": {
            "access_token_validity": 24,
            "allowed_oauth_flows": [
              "code"
            ],
            "allowed_oauth_flows_user_pool_client": true,
            "allowed_oauth_scopes": [
              "email",
              "openid",
              "phone"
            ],
            "analytics_configuration": [],
            "auth_session_validity": 15,
            "callback_urls": [
              "http://localhost"
            ],
            "client_secret": "",
            "default_redirect_uri": "http://localhost",
            "enable_propagate_additional_user_context_data": false,
            "enable_token_revocation": true,
            "explicit_auth_flows": [
              "ALLOW_REFRESH_TOKEN_AUTH",
              "ALLOW_USER_SRP_AUTH"
            ],
            "generate_secret": false,
            "id": "62e2t8u0gd4afjg1isd2a5ecma",
            "id_token_validity": 24,
            "logout_urls": [],
            "name": "bah-dknz-mobile",
            "prevent_user_existence_errors": "ENABLED",
            "read_attributes": [],
            "refresh_token_validity": 565,
            "supported_identity_providers": [
              "COGNITO"
            ],
            "token_validity_units": [],
            "user_pool_id": "me-south-1_cXZAPnjMR",
            "write_attributes": []
          },
          "sensitive_attributes": [
            [
              {
                "type": "get_attr",
                "value": "client_secret"
              }
            ]
          ],
          "dependencies": [
            "aws_cognito_user_pool.knz_user_pool",
            "aws_dynamodb_table.users_table",
            "aws_iam_role.lambda_role",
            "aws_lambda_function.post_confirmation_lambda",
            "data.archive_file.post_confirmation_lambda_zip"
          ]
        }
      ]
    },
    {
      "mode": "managed",
      "type": "aws_dynamodb_table",
      "name": "users_table",
      "provider": "provider[\"registry.terraform.io/hashicorp/aws\"]",
      "instances": [
        {
          "schema_version": 1,
          "attributes": {
            "arn": "arn:aws:dynamodb:me-south-1:742054800137:table/bah-dknz-users",
            "attribute": [
              {
                "name": "id",
                "type": "S"
              },
              {
                "name": "username",
                "type": "S"
              }
            ],
            "billing_mode": "PAY_PER_REQUEST",
            "deletion_protection_enabled": false,
            "global_secondary_index": [
              {
                "hash_key": "username",
                "name": "username-index",
                "non_key_attributes": [],
                "projection_type": "ALL",
                "range_key": "",
                "read_capacity": 0,
                "write_capacity": 0
              }
            ],
            "hash_key": "id",
            "id": "bah-dknz-users",
            "import_table": [],
            "local_secondary_index": [],
            "name": "bah-dknz-users",
            "point_in_time_recovery": [
              {
                "enabled": false
              }
            ],
            "range_key": null,
            "read_capacity": 0,
            "replica": [],
            "restore_date_time": null,
            "restore_source_name": null,
            "restore_to_latest_time": null,
            "server_side_encryption": [],
            "stream_arn": "",
            "stream_enabled": false,
            "stream_label": "",
            "stream_view_type": "",
            "table_class": "STANDARD",
            "tags": {
              "Name": "bah-dknz"
            },
            "tags_all": {
              "Name": "bah-dknz"
            },
            "timeouts": null,
            "ttl": [
              {
                "attribute_name": "",
                "enabled": false
              }
            ],
            "write_capacity": 0
          },
          "sensitive_attributes": [],
          "private": "eyJlMmJmYjczMC1lY2FhLTExZTYtOGY4OC0zNDM2M2JjN2M0YzAiOnsiY3JlYXRlIjoxODAwMDAwMDAwMDAwLCJkZWxldGUiOjYwMDAwMDAwMDAwMCwidXBkYXRlIjozNjAwMDAwMDAwMDAwfSwic2NoZW1hX3ZlcnNpb24iOiIxIn0="
        }
      ]
    },
    {
      "mode": "managed",
      "type": "aws_iam_policy",
      "name": "lambda_cloudwatch_policy",
      "provider": "provider[\"registry.terraform.io/hashicorp/aws\"]",
      "instances": [
        {
          "schema_version": 0,
          "attributes": {
            "arn": "arn:aws:iam::742054800137:policy/bah-dknz-lambda-cloudwatch-policy",
            "description": "IAM policy for Lambda to access CloudWatch Logs",
            "id": "arn:aws:iam::742054800137:policy/bah-dknz-lambda-cloudwatch-policy",
            "name": "bah-dknz-lambda-cloudwatch-policy",
            "name_prefix": "",
            "path": "/",
            "policy": "{\"Statement\":[{\"Action\":[\"logs:CreateLogGroup\",\"logs:CreateLogStream\",\"logs:PutLogEvents\"],\"Effect\":\"Allow\",\"Resource\":\"*\"}],\"Version\":\"2012-10-17\"}",
            "policy_id": "ANPA2ZRPJVME6STAGHUS4",
            "tags": {},
            "tags_all": {}
          },
          "sensitive_attributes": [],
          "private": "bnVsbA=="
        }
      ]
    },
    {
      "mode": "managed",
      "type": "aws_iam_policy",
      "name": "lambda_dynamodb_policy",
      "provider": "provider[\"registry.terraform.io/hashicorp/aws\"]",
      "instances": [
        {
          "schema_version": 0,
          "attributes": {
            "arn": "arn:aws:iam::742054800137:policy/post-confirmation-dynamodb-policy",
            "description": "IAM policy for Lambda to access DynamoDB",
            "id": "arn:aws:iam::742054800137:policy/post-confirmation-dynamodb-policy",
            "name": "post-confirmation-dynamodb-policy",
            "name_prefix": "",
            "path": "/",
            "policy": "{\"Statement\":[{\"Action\":[\"dynamodb:PutItem\"],\"Effect\":\"Allow\",\"Resource\":\"arn:aws:dynamodb:me-south-1:742054800137:table/bah-dknz-users\"}],\"Version\":\"2012-10-17\"}",
            "policy_id": "ANPA2ZRPJVMEUZJDAH7VC",
            "tags": {},
            "tags_all": {}
          },
          "sensitive_attributes": [],
          "private": "bnVsbA==",
          "dependencies": [
            "aws_dynamodb_table.users_table"
          ]
        }
      ]
    },
    {
      "mode": "managed",
      "type": "aws_iam_role",
      "name": "cognito_lambda_invoke_role",
      "provider": "provider[\"registry.terraform.io/hashicorp/aws\"]",
      "instances": [
        {
          "schema_version": 0,
          "attributes": {
            "arn": "arn:aws:iam::742054800137:role/bah-dknz-cognito-lambda-invoke-role",
            "assume_role_policy": "{\"Statement\":[{\"Action\":\"sts:AssumeRole\",\"Effect\":\"Allow\",\"Principal\":{\"Service\":\"cognito-idp.amazonaws.com\"}}],\"Version\":\"2012-10-17\"}",
            "create_date": "2024-08-23T12:27:13Z",
            "description": "",
            "force_detach_policies": false,
            "id": "bah-dknz-cognito-lambda-invoke-role",
            "inline_policy": [],
            "managed_policy_arns": [],
            "max_session_duration": 3600,
            "name": "bah-dknz-cognito-lambda-invoke-role",
            "name_prefix": "",
            "path": "/",
            "permissions_boundary": "",
            "tags": {},
            "tags_all": {},
            "unique_id": "AROA2ZRPJVMEZ3LT4JWQJ"
          },
          "sensitive_attributes": [],
          "private": "bnVsbA=="
        }
      ]
    },
    {
      "mode": "managed",
      "type": "aws_iam_role",
      "name": "lambda_role",
      "provider": "provider[\"registry.terraform.io/hashicorp/aws\"]",
      "instances": [
        {
          "schema_version": 0,
          "attributes": {
            "arn": "arn:aws:iam::742054800137:role/bah-dknz-post-confirmation-dynamodb",
            "assume_role_policy": "{\"Statement\":[{\"Action\":\"sts:AssumeRole\",\"Effect\":\"Allow\",\"Principal\":{\"Service\":\"lambda.amazonaws.com\"}}],\"Version\":\"2012-10-17\"}",
            "create_date": "2024-08-22T18:23:10Z",
            "description": "",
            "force_detach_policies": false,
            "id": "bah-dknz-post-confirmation-dynamodb",
            "inline_policy": [],
            "managed_policy_arns": [
              "arn:aws:iam::742054800137:policy/bah-dknz-lambda-cloudwatch-policy",
              "arn:aws:iam::742054800137:policy/post-confirmation-dynamodb-policy"
            ],
            "max_session_duration": 3600,
            "name": "bah-dknz-post-confirmation-dynamodb",
            "name_prefix": "",
            "path": "/",
            "permissions_boundary": "",
            "tags": {},
            "tags_all": {},
            "unique_id": "AROA2ZRPJVMESGMLJXTTR"
          },
          "sensitive_attributes": [],
          "private": "bnVsbA=="
        }
      ]
    },
    {
      "mode": "managed",
      "type": "aws_iam_role_policy_attachment",
      "name": "lambda_cloudwatch_policy_attachment",
      "provider": "provider[\"registry.terraform.io/hashicorp/aws\"]",
      "instances": [
        {
          "schema_version": 0,
          "attributes": {
            "id": "bah-dknz-post-confirmation-dynamodb-20240823114208185100000001",
            "policy_arn": "arn:aws:iam::742054800137:policy/bah-dknz-lambda-cloudwatch-policy",
            "role": "bah-dknz-post-confirmation-dynamodb"
          },
          "sensitive_attributes": [],
          "private": "bnVsbA==",
          "dependencies": [
            "aws_iam_policy.lambda_cloudwatch_policy",
            "aws_iam_role.lambda_role"
          ]
        }
      ]
    },
    {
      "mode": "managed",
      "type": "aws_iam_role_policy_attachment",
      "name": "lambda_dynamodb_policy_attachment",
      "provider": "provider[\"registry.terraform.io/hashicorp/aws\"]",
      "instances": [
        {
          "schema_version": 0,
          "attributes": {
            "id": "bah-dknz-post-confirmation-dynamodb-20240822182311205300000001",
            "policy_arn": "arn:aws:iam::742054800137:policy/post-confirmation-dynamodb-policy",
            "role": "bah-dknz-post-confirmation-dynamodb"
          },
          "sensitive_attributes": [],
          "private": "bnVsbA==",
          "dependencies": [
            "aws_dynamodb_table.users_table",
            "aws_iam_policy.lambda_dynamodb_policy",
            "aws_iam_role.lambda_role"
          ]
        }
      ]
    },
    {
      "mode": "managed",
      "type": "aws_lambda_function",
      "name": "post_confirmation_lambda",
      "provider": "provider[\"registry.terraform.io/hashicorp/aws\"]",
      "instances": [
        {
          "schema_version": 0,
          "attributes": {
            "architectures": [
              "x86_64"
            ],
            "arn": "arn:aws:lambda:me-south-1:742054800137:function:bah-dknz-post-confirmation-dynamodb",
            "code_signing_config_arn": "",
            "dead_letter_config": [],
            "description": "",
            "environment": [
              {
                "variables": {
                  "TABLE_NAME": "bah-dknz-users"
                }
              }
            ],
            "ephemeral_storage": [
              {
                "size": 512
              }
            ],
            "file_system_config": [],
            "filename": "post-confirmation.zip",
            "function_name": "bah-dknz-post-confirmation-dynamodb",
            "handler": "post-confirmation.lambda_handler",
            "id": "bah-dknz-post-confirmation-dynamodb",
            "image_config": [],
            "image_uri": "",
            "invoke_arn": "arn:aws:apigateway:me-south-1:lambda:path/2015-03-31/functions/arn:aws:lambda:me-south-1:742054800137:function:bah-dknz-post-confirmation-dynamodb/invocations",
            "kms_key_arn": "",
            "last_modified": "2024-08-23T12:06:53.000+0000",
            "layers": [],
            "logging_config": [
              {
                "application_log_level": "",
                "log_format": "Text",
                "log_group": "/aws/lambda/bah-dknz-post-confirmation-dynamodb",
                "system_log_level": ""
              }
            ],
            "memory_size": 128,
            "package_type": "Zip",
            "publish": false,
            "qualified_arn": "arn:aws:lambda:me-south-1:742054800137:function:bah-dknz-post-confirmation-dynamodb:$LATEST",
            "qualified_invoke_arn": "arn:aws:apigateway:me-south-1:lambda:path/2015-03-31/functions/arn:aws:lambda:me-south-1:742054800137:function:bah-dknz-post-confirmation-dynamodb:$LATEST/invocations",
            "replace_security_groups_on_destroy": null,
            "replacement_security_group_ids": null,
            "reserved_concurrent_executions": -1,
            "role": "arn:aws:iam::742054800137:role/bah-dknz-post-confirmation-dynamodb",
            "runtime": "python3.12",
            "s3_bucket": null,
            "s3_key": null,
            "s3_object_version": null,
            "signing_job_arn": "",
            "signing_profile_version_arn": "",
            "skip_destroy": false,
            "snap_start": [],
            "source_code_hash": "6DMABXh8RUMchJMfWwXhoGmalx3PE/KEOt2V0RM39Fw=",
            "source_code_size": 991,
            "tags": {},
            "tags_all": {},
            "timeout": 60,
            "timeouts": null,
            "tracing_config": [
              {
                "mode": "PassThrough"
              }
            ],
            "version": "$LATEST",
            "vpc_config": []
          },
          "sensitive_attributes": [],
          "private": "eyJlMmJmYjczMC1lY2FhLTExZTYtOGY4OC0zNDM2M2JjN2M0YzAiOnsiY3JlYXRlIjo2MDAwMDAwMDAwMDAsImRlbGV0ZSI6NjAwMDAwMDAwMDAwLCJ1cGRhdGUiOjYwMDAwMDAwMDAwMH19",
          "dependencies": [
            "aws_dynamodb_table.users_table",
            "aws_iam_role.lambda_role",
            "data.archive_file.post_confirmation_lambda_zip"
          ]
        }
      ]
    },
    {
      "mode": "managed",
      "type": "aws_lambda_permission",
      "name": "allow_cognito_invoke",
      "provider": "provider[\"registry.terraform.io/hashicorp/aws\"]",
      "instances": [
        {
          "schema_version": 0,
          "attributes": {
            "action": "lambda:InvokeFunction",
            "event_source_token": "",
            "function_name": "bah-dknz-post-confirmation-dynamodb",
            "function_url_auth_type": "",
            "id": "lambda-allow-cognito",
            "principal": "cognito-idp.amazonaws.com",
            "principal_org_id": "",
            "qualifier": "",
            "source_account": "742054800137",
            "source_arn": "arn:aws:cognito-idp:me-south-1:742054800137:userpool/me-south-1_cXZAPnjMR",
            "statement_id": "lambda-allow-cognito",
            "statement_id_prefix": ""
          },
          "sensitive_attributes": [],
          "private": "bnVsbA==",
          "dependencies": [
            "aws_cognito_user_pool.knz_user_pool",
            "aws_dynamodb_table.users_table",
            "aws_iam_role.lambda_role",
            "aws_lambda_function.post_confirmation_lambda",
            "data.archive_file.post_confirmation_lambda_zip",
            "data.aws_caller_identity.current"
          ]
        }
      ]
    }
  ],
  "check_results": null
}
